<?xml version="1.0" encoding="utf-8"?>
<Project ToolsVersion="4.0" xmlns="http://schemas.microsoft.com/developer/msbuild/2003">
  <ItemGroup>
    <Filter Include="Исходные файлы">
      <UniqueIdentifier>{4FC737F1-C7A5-4376-A066-2A32D752A2FF}</UniqueIdentifier>
      <Extensions>cpp;c;cc;cxx;def;odl;idl;hpj;bat;asm;asmx</Extensions>
    </Filter>
    <Filter Include="Файлы заголовков">
      <UniqueIdentifier>{93995380-89BD-4b04-88EB-625FBE52EBFB}</UniqueIdentifier>
      <Extensions>h;hh;hpp;hxx;hm;inl;inc;ipp;xsd</Extensions>
    </Filter>
    <Filter Include="Файлы ресурсов">
      <UniqueIdentifier>{67DA6AB6-F800-4c08-8B7A-83BB121AAD01}</UniqueIdentifier>
      <Extensions>rc;ico;cur;bmp;dlg;rc2;rct;bin;rgs;gif;jpg;jpeg;jpe;resx;tiff;tif;png;wav;mfcribbon-ms</Extensions>
    </Filter>
    <Filter Include="Файлы заголовков\Entities">
      <UniqueIdentifier>{36bf9e10-7203-4f62-8dcd-b4f120f06276}</UniqueIdentifier>
    </Filter>
    <Filter Include="Исходные файлы\Entities">
      <UniqueIdentifier>{87a77f7c-9a51-40c6-ac3b-bca4758e9dcb}</UniqueIdentifier>
    </Filter>
    <Filter Include="Файлы заголовков\Interfaces">
      <UniqueIdentifier>{7055f6af-1ecd-4363-bada-bc1d87d7cd47}</UniqueIdentifier>
    </Filter>
    <Filter Include="Исходные файлы\Systems">
      <UniqueIdentifier>{561dc6a7-ba49-4bf0-98a0-0c22c3fd861c}</UniqueIdentifier>
    </Filter>
    <Filter Include="Файлы заголовков\Systems">
      <UniqueIdentifier>{b544f7e4-6fbb-44dc-80b1-86fd151edc61}</UniqueIdentifier>
    </Filter>
    <Filter Include="Исходные файлы\ThirdPartyLibs">
      <UniqueIdentifier>{f1e9e436-bbaf-46e1-82e2-363943ceed94}</UniqueIdentifier>
    </Filter>
    <Filter Include="Файлы заголовков\ThirdPartyLibs">
      <UniqueIdentifier>{e089ef1b-0666-437e-99a5-fcda0c7ef087}</UniqueIdentifier>
    </Filter>
  </ItemGroup>
  <ItemGroup>
    <ClCompile Include="main.cpp">
      <Filter>Исходные файлы</Filter>
    </ClCompile>
    <ClCompile Include="Initializer.cpp">
      <Filter>Исходные файлы</Filter>
    </ClCompile>
    <ClCompile Include="IsometricEngine.cpp">
      <Filter>Исходные файлы</Filter>
    </ClCompile>
    <ClCompile Include="Core.cpp">
      <Filter>Исходные файлы</Filter>
    </ClCompile>
    <ClCompile Include="TextureWorker.cpp">
      <Filter>Исходные файлы</Filter>
    </ClCompile>
    <ClCompile Include="Coordinate2D.cpp">
      <Filter>Исходные файлы</Filter>
    </ClCompile>
    <ClCompile Include="Texture.cpp">
      <Filter>Исходные файлы</Filter>
    </ClCompile>
    <ClCompile Include="Game.cpp">
      <Filter>Исходные файлы</Filter>
    </ClCompile>
    <ClCompile Include="Entity.cpp">
      <Filter>Исходные файлы</Filter>
    </ClCompile>
    <ClCompile Include="Entities\Barrier.cpp">
      <Filter>Исходные файлы\Entities</Filter>
    </ClCompile>
    <ClCompile Include="Entities\Cannon.cpp">
      <Filter>Исходные файлы\Entities</Filter>
    </ClCompile>
    <ClCompile Include="Entities\Fireball.cpp">
      <Filter>Исходные файлы\Entities</Filter>
    </ClCompile>
    <ClCompile Include="Entities\MouseCursor.cpp">
      <Filter>Исходные файлы\Entities</Filter>
    </ClCompile>
    <ClCompile Include="Entities\NPC.cpp">
      <Filter>Исходные файлы\Entities</Filter>
    </ClCompile>
    <ClCompile Include="Entities\Player.cpp">
      <Filter>Исходные файлы\Entities</Filter>
    </ClCompile>
    <ClCompile Include="Entities\World.cpp">
      <Filter>Исходные файлы\Entities</Filter>
    </ClCompile>
    <ClCompile Include="Systems\SystemRender.cpp">
      <Filter>Исходные файлы\Systems</Filter>
    </ClCompile>
    <ClCompile Include="Systems\SystemGameLogic.cpp">
      <Filter>Исходные файлы\Systems</Filter>
    </ClCompile>
    <ClCompile Include="System.cpp">
      <Filter>Исходные файлы</Filter>
    </ClCompile>
    <ClCompile Include="ThirdPartyLibs\daancode_a-star\source\AStar.cpp">
      <Filter>Исходные файлы\ThirdPartyLibs</Filter>
    </ClCompile>
  </ItemGroup>
  <ItemGroup>
    <ClInclude Include="Initializer.h">
      <Filter>Файлы заголовков</Filter>
    </ClInclude>
    <ClInclude Include="Settings.h">
      <Filter>Файлы заголовков</Filter>
    </ClInclude>
    <ClInclude Include="IsometricEngine.h">
      <Filter>Файлы заголовков</Filter>
    </ClInclude>
    <ClInclude Include="ResultCode.h">
      <Filter>Файлы заголовков</Filter>
    </ClInclude>
    <ClInclude Include="SupportMacroses.h">
      <Filter>Файлы заголовков</Filter>
    </ClInclude>
    <ClInclude Include="TextureWorker.h">
      <Filter>Файлы заголовков</Filter>
    </ClInclude>
    <ClInclude Include="Core.h">
      <Filter>Файлы заголовков</Filter>
    </ClInclude>
    <ClInclude Include="Entity.h">
      <Filter>Файлы заголовков</Filter>
    </ClInclude>
    <ClInclude Include="Coordinate2D.h">
      <Filter>Файлы заголовков</Filter>
    </ClInclude>
    <ClInclude Include="Texture.h">
      <Filter>Файлы заголовков</Filter>
    </ClInclude>
    <ClInclude Include="Game.h">
      <Filter>Файлы заголовков</Filter>
    </ClInclude>
    <ClInclude Include="System.h">
      <Filter>Файлы заголовков</Filter>
    </ClInclude>
    <ClInclude Include="Fireball.h">
      <Filter>Файлы заголовков</Filter>
    </ClInclude>
    <ClInclude Include="Entities\Barrier.h">
      <Filter>Файлы заголовков\Entities</Filter>
    </ClInclude>
    <ClInclude Include="Entities\Cannon.h">
      <Filter>Файлы заголовков\Entities</Filter>
    </ClInclude>
    <ClInclude Include="Entities\Fireball.h">
      <Filter>Файлы заголовков\Entities</Filter>
    </ClInclude>
    <ClInclude Include="Entities\MouseCursor.h">
      <Filter>Файлы заголовков\Entities</Filter>
    </ClInclude>
    <ClInclude Include="Entities\NPC.h">
      <Filter>Файлы заголовков\Entities</Filter>
    </ClInclude>
    <ClInclude Include="Entities\Player.h">
      <Filter>Файлы заголовков\Entities</Filter>
    </ClInclude>
    <ClInclude Include="Entities\World.h">
      <Filter>Файлы заголовков\Entities</Filter>
    </ClInclude>
    <ClInclude Include="Interfaces\Renderable.h">
      <Filter>Файлы заголовков\Interfaces</Filter>
    </ClInclude>
    <ClInclude Include="Interfaces\Runnable.h">
      <Filter>Файлы заголовков\Interfaces</Filter>
    </ClInclude>
    <ClInclude Include="Systems\SystemRender.h">
      <Filter>Файлы заголовков\Systems</Filter>
    </ClInclude>
    <ClInclude Include="Systems\SystemGameLogic.h">
      <Filter>Файлы заголовков\Systems</Filter>
    </ClInclude>
    <ClInclude Include="ThirdPartyLibs\daancode_a-star\source\AStar.hpp">
      <Filter>Файлы заголовков\ThirdPartyLibs</Filter>
    </ClInclude>
  </ItemGroup>
</Project>